# This file was autogenerated by uv via the following command:
#    uv pip compile --python 3.11 tools/voice-lab/requirements.txt --output-file tools/voice-lab/requirements.lock
accelerate==1.12.0
    # via qwen-tts
annotated-doc==0.0.5
    # via
    #   fastapi
    #   typer
annotated-types==0.8.0
    # via pydantic
anyio==4.15.1
    # via
    #   gradio
    #   httpx
    #   starlette
audioread==3.1.0
    # via librosa
brotli==1.2.0
    # via gradio
certifi==2026.7.22
    # via
    #   httpcore
    #   httpx
    #   requests
cffi==2.1.1
    # via soundfile
charset-normalizer==3.5.1
    # via requests
click==8.5.0
    # via uvicorn
cloudpickle==3.1.2
    # via joblib
colorama==0.4.6
    # via
    #   tqdm
    #   typer
decorator==5.3.1
    # via librosa
einops==0.8.2
    # via qwen-tts
fastapi==0.141.1
    # via gradio
filelock==3.32.5
    # via
    #   huggingface-hub
    #   torch
    #   transformers
flatbuffers==25.12.19
    # via onnxruntime
fsspec==2026.7.0
    # via
    #   gradio-client
    #   huggingface-hub
    #   torch
gradio==6.17.3
    # via qwen-tts
gradio-client==2.5.0
    # via
    #   gradio
    #   hf-gradio
groovy==0.1.2
    # via gradio
h11==0.16.0
    # via
    #   httpcore
    #   uvicorn
hf-gradio==0.4.1
    # via gradio
httpcore==1.0.9
    # via httpx
httpx==0.28.1
    # via
    #   gradio
    #   gradio-client
    #   safehttpx
huggingface-hub==0.36.2
    # via
    #   accelerate
    #   gradio
    #   gradio-client
    #   tokenizers
    #   transformers
idna==3.19
    # via
    #   anyio
    #   httpx
    #   requests
jinja2==3.1.6
    # via
    #   gradio
    #   torch
joblib==1.6.0
    # via
    #   librosa
    #   scikit-learn
lazy-loader==0.5
    # via librosa
librosa==0.11.0
    # via qwen-tts
llvmlite==0.49.0
    # via numba
markdown-it-py==4.2.0
    # via rich
markupsafe==3.0.3
    # via
    #   gradio
    #   jinja2
mdurl==0.1.2
    # via markdown-it-py
mpmath==1.3.0
    # via sympy
msgpack==1.2.2
    # via librosa
narwhals==2.25.0
    # via scikit-learn
networkx==3.6.1
    # via torch
numba==0.67.0
    # via librosa
numpy==2.4.6
    # via
    #   accelerate
    #   gradio
    #   librosa
    #   numba
    #   onnxruntime
    #   pandas
    #   scikit-learn
    #   scipy
    #   soundfile
    #   sox
    #   soxr
    #   transformers
onnxruntime==1.29.0
    # via qwen-tts
orjson==3.12.0
    # via gradio
packaging==26.3
    # via
    #   accelerate
    #   gradio
    #   gradio-client
    #   huggingface-hub
    #   lazy-loader
    #   onnxruntime
    #   pooch
    #   transformers
pandas==3.0.5
    # via gradio
pillow==12.3.0
    # via gradio
platformdirs==4.11.7
    # via pooch
pooch==1.9.0
    # via librosa
protobuf==7.36.1
    # via onnxruntime
psutil==7.2.2
    # via accelerate
pycparser==3.0
    # via cffi
pydantic==2.13.5
    # via
    #   fastapi
    #   gradio
pydantic-core==2.46.5
    # via pydantic
pydub==0.25.1
    # via gradio
pygments==2.21.0
    # via rich
python-dateutil==2.9.0.post0
    # via pandas
python-multipart==0.0.32
    # via gradio
pytz==2026.3.post1
    # via gradio
pyyaml==6.0.3
    # via
    #   accelerate
    #   gradio
    #   huggingface-hub
    #   transformers
qwen-tts==0.1.1
    # via -r tools/voice-lab/requirements.txt
regex==2026.9.3
    # via transformers
requests==2.34.2
    # via
    #   huggingface-hub
    #   pooch
    #   transformers
rich==15.0.0
    # via typer
safehttpx==0.1.7
    # via gradio
safetensors==0.8.0
    # via
    #   accelerate
    #   transformers
scikit-learn==1.9.0
    # via librosa
scipy==1.17.1
    # via
    #   librosa
    #   scikit-learn
semantic-version==2.10.0
    # via gradio
shellingham==1.5.4
    # via typer
six==1.17.0
    # via python-dateutil
soundfile==0.14.0
    # via
    #   librosa
    #   qwen-tts
sox==1.5.0
    # via qwen-tts
soxr==1.1.0
    # via librosa
starlette==1.6.0
    # via
    #   fastapi
    #   gradio
sympy==1.14.0
    # via torch
threadpoolctl==3.6.0
    # via scikit-learn
tokenizers==0.22.2
    # via transformers
tomlkit==0.14.0
    # via gradio
torch==2.9.1
    # via
    #   -r tools/voice-lab/requirements.txt
    #   accelerate
    #   torchaudio
torchaudio==2.9.1
    # via
    #   -r tools/voice-lab/requirements.txt
    #   qwen-tts
tqdm==4.70.0
    # via
    #   huggingface-hub
    #   transformers
transformers==4.57.3
    # via qwen-tts
typer==0.27.2
    # via
    #   gradio
    #   hf-gradio
typing-extensions==4.16.0
    # via
    #   anyio
    #   fastapi
    #   gradio
    #   gradio-client
    #   huggingface-hub
    #   librosa
    #   pydantic
    #   pydantic-core
    #   soundfile
    #   sox
    #   starlette
    #   torch
    #   typing-inspection
typing-inspection==0.4.4
    # via
    #   fastapi
    #   pydantic
tzdata==2026.3
    # via pandas
urllib3==2.7.0
    # via requests
uvicorn==0.52.4
    # via gradio
